
Microsoft Visual Studio Solution File, Format Version 12.00
# Visual Studio Version 17
VisualStudioVersion = 17.3.32929.385
MinimumVisualStudioVersion = 10.0.40219.1
Project("{FAE04EC0-301F-11D3-BF4B-00C04F79EFBC}") = "PublishMessageToQueue", "PublishMessageToQueue\PublishMessageToQueue.csproj", "{EC4A5F27-0062-4263-847F-A935D5F9BD82}"
EndProject
Project("{FAE04EC0-301F-11D3-BF4B-00C04F79EFBC}") = "RabbitMQConsumer", "RabbitMQConsumer\RabbitMQConsumer.csproj", "{21AA227D-26B1-412D-963D-04954D29A68A}"
EndProject
Project("{FAE04EC0-301F-11D3-BF4B-00C04F79EFBC}") = "DataContext", "DataContext\DataContext.csproj", "{8BA82321-759F-42A4-AB9B-08355980507D}"
EndProject
Global
	GlobalSection(SolutionConfigurationPlatforms) = preSolution
		Debug|Any CPU = Debug|Any CPU
		Release|Any CPU = Release|Any CPU
	EndGlobalSection
	GlobalSection(ProjectConfigurationPlatforms) = postSolution
		{EC4A5F27-0062-4263-847F-A935D5F9BD82}.Debug|Any CPU.ActiveCfg = Debug|Any CPU
		{EC4A5F27-0062-4263-847F-A935D5F9BD82}.Debug|Any CPU.Build.0 = Debug|Any CPU
		{EC4A5F27-0062-4263-847F-A935D5F9BD82}.Release|Any CPU.ActiveCfg = Release|Any CPU
		{EC4A5F27-0062-4263-847F-A935D5F9BD82}.Release|Any CPU.Build.0 = Release|Any CPU
		{21AA227D-26B1-412D-963D-04954D29A68A}.Debug|Any CPU.ActiveCfg = Debug|Any CPU
		{21AA227D-26B1-412D-963D-04954D29A68A}.Debug|Any CPU.Build.0 = Debug|Any CPU
		{21AA227D-26B1-412D-963D-04954D29A68A}.Release|Any CPU.ActiveCfg = Release|Any CPU
		{21AA227D-26B1-412D-963D-04954D29A68A}.Release|Any CPU.Build.0 = Release|Any CPU
		{8BA82321-759F-42A4-AB9B-08355980507D}.Debug|Any CPU.ActiveCfg = Debug|Any CPU
		{8BA82321-759F-42A4-AB9B-08355980507D}.Debug|Any CPU.Build.0 = Debug|Any CPU
		{8BA82321-759F-42A4-AB9B-08355980507D}.Release|Any CPU.ActiveCfg = Release|Any CPU
		{8BA82321-759F-42A4-AB9B-08355980507D}.Release|Any CPU.Build.0 = Release|Any CPU
	EndGlobalSection
	GlobalSection(SolutionProperties) = preSolution
		HideSolutionNode = FALSE
	EndGlobalSection
	GlobalSection(ExtensibilityGlobals) = postSolution
		SolutionGuid = {4C41C702-BBCD-4E5A-B226-FC69BD646197}
	EndGlobalSection
EndGlobal
